
Microsoft Visual Studio Solution File, Format Version 12.00
Project("{FAE04EC0-301F-11D3-BF4B-00C04F79EFBC}") = "ImageSelector", "ImageSelector\ImageSelector.csproj", "{B3BEB3A1-909C-4A5A-A170-3D5B8CF95F4E}"
EndProject
Global
	GlobalSection(SolutionConfigurationPlatforms) = preSolution
		Debug|Any CPU = Debug|Any CPU
		Release|Any CPU = Release|Any CPU
	EndGlobalSection
	GlobalSection(ProjectConfigurationPlatforms) = postSolution
		{B3BEB3A1-909C-4A5A-A170-3D5B8CF95F4E}.Debug|Any CPU.ActiveCfg = Debug|Any CPU
		{B3BEB3A1-909C-4A5A-A170-3D5B8CF95F4E}.Debug|Any CPU.Build.0 = Debug|Any CPU
		{B3BEB3A1-909C-4A5A-A170-3D5B8CF95F4E}.Release|Any CPU.ActiveCfg = Release|Any CPU
		{B3BEB3A1-909C-4A5A-A170-3D5B8CF95F4E}.Release|Any CPU.Build.0 = Release|Any CPU
	EndGlobalSection
EndGlobal
